
Microsoft Visual Studio Solution File, Format Version 12.00
# Visual Studio Version 17
VisualStudioVersion = 17.6.33829.357
MinimumVisualStudioVersion = 10.0.40219.1
Project("{FAE04EC0-301F-11D3-BF4B-00C04F79EFBC}") = "Exerciciomm", "Exerciciomm\Exerciciomm.csproj", "{911A921F-286D-4BEA-82F4-42718F5C2212}"
EndProject
Project("{FAE04EC0-301F-11D3-BF4B-00C04F79EFBC}") = "Soma", "Soma\Soma.csproj", "{D1BBD609-2539-488A-AD5A-8554983B3A4B}"
EndProject
Global
	GlobalSection(SolutionConfigurationPlatforms) = preSolution
		Debug|Any CPU = Debug|Any CPU
		Release|Any CPU = Release|Any CPU
	EndGlobalSection
	GlobalSection(ProjectConfigurationPlatforms) = postSolution
		{911A921F-286D-4BEA-82F4-42718F5C2212}.Debug|Any CPU.ActiveCfg = Debug|Any CPU
		{911A921F-286D-4BEA-82F4-42718F5C2212}.Debug|Any CPU.Build.0 = Debug|Any CPU
		{911A921F-286D-4BEA-82F4-42718F5C2212}.Release|Any CPU.ActiveCfg = Release|Any CPU
		{911A921F-286D-4BEA-82F4-42718F5C2212}.Release|Any CPU.Build.0 = Release|Any CPU
		{D1BBD609-2539-488A-AD5A-8554983B3A4B}.Debug|Any CPU.ActiveCfg = Debug|Any CPU
		{D1BBD609-2539-488A-AD5A-8554983B3A4B}.Debug|Any CPU.Build.0 = Debug|Any CPU
		{D1BBD609-2539-488A-AD5A-8554983B3A4B}.Release|Any CPU.ActiveCfg = Release|Any CPU
		{D1BBD609-2539-488A-AD5A-8554983B3A4B}.Release|Any CPU.Build.0 = Release|Any CPU
	EndGlobalSection
	GlobalSection(SolutionProperties) = preSolution
		HideSolutionNode = FALSE
	EndGlobalSection
	GlobalSection(ExtensibilityGlobals) = postSolution
		SolutionGuid = {B805C2EF-215A-49C1-9F30-21492659D6EA}
	EndGlobalSection
EndGlobal
